
Microsoft Visual Studio Solution File, Format Version 12.00
# Visual Studio 15
VisualStudioVersion = 15.0.28010.2050
MinimumVisualStudioVersion = 10.0.40219.1
Project("{FAE04EC0-301F-11D3-BF4B-00C04F79EFBC}") = "mgb_ErcExporter", "mgb_ErcExporter\mgb_ErcExporter.csproj", "{D6438BEC-323A-4E73-BC26-ACC3DA8B92FD}"
EndProject
Global
	GlobalSection(SolutionConfigurationPlatforms) = preSolution
		Debug|Any CPU = Debug|Any CPU
		Release|Any CPU = Release|Any CPU
	EndGlobalSection
	GlobalSection(ProjectConfigurationPlatforms) = postSolution
		{D6438BEC-323A-4E73-BC26-ACC3DA8B92FD}.Debug|Any CPU.ActiveCfg = Debug|Any CPU
		{D6438BEC-323A-4E73-BC26-ACC3DA8B92FD}.Debug|Any CPU.Build.0 = Debug|Any CPU
		{D6438BEC-323A-4E73-BC26-ACC3DA8B92FD}.Release|Any CPU.ActiveCfg = Release|Any CPU
		{D6438BEC-323A-4E73-BC26-ACC3DA8B92FD}.Release|Any CPU.Build.0 = Release|Any CPU
	EndGlobalSection
	GlobalSection(SolutionProperties) = preSolution
		HideSolutionNode = FALSE
	EndGlobalSection
	GlobalSection(ExtensibilityGlobals) = postSolution
		SolutionGuid = {91DEE646-EE13-4671-870A-FC0DF9A6AF60}
	EndGlobalSection
EndGlobal
